// !$*UTF8*$!
{
	archiveVersion = 1;
	classes = {
	};
	objectVersion = 56;
	objects = {

/* Begin PBXBuildFile section */
		FAA6F8FB29B5E92D00EF339D /* UserModel.swift in Sources */ = {isa = PBXBuildFile; fileRef = FAA6F8FA29B5E92D00EF339D /* UserModel.swift */; };
		FAA6F90329B5E9FA00EF339D /* WidgetKit.framework in Frameworks */ = {isa = PBXBuildFile; fileRef = FAA6F90229B5E9FA00EF339D /* WidgetKit.framework */; };
		FAA6F90529B5E9FA00EF339D /* SwiftUI.framework in Frameworks */ = {isa = PBXBuildFile; fileRef = FAA6F90429B5E9FA00EF339D /* SwiftUI.framework */; };
		FAA6F90829B5E9FA00EF339D /* ExampleWidgetView.swift in Sources */ = {isa = PBXBuildFile; fileRef = FAA6F90729B5E9FA00EF339D /* ExampleWidgetView.swift */; };
		FAA6F90B29B5E9FC00EF339D /* Assets.xcassets in Resources */ = {isa = PBXBuildFile; fileRef = FAA6F90A29B5E9FC00EF339D /* Assets.xcassets */; };
		FAA6F90D29B5E9FC00EF339D /* ExampleWidgetView.intentdefinition in Sources */ = {isa = PBXBuildFile; fileRef = FAA6F90929B5E9FA00EF339D /* ExampleWidgetView.intentdefinition */; };
		FAA6F90E29B5E9FC00EF339D /* ExampleWidgetView.intentdefinition in Sources */ = {isa = PBXBuildFile; fileRef = FAA6F90929B5E9FA00EF339D /* ExampleWidgetView.intentdefinition */; };
		FAA6F91129B5E9FC00EF339D /* ExampleWidgetViewExtension.appex in Embed Foundation Extensions */ = {isa = PBXBuildFile; fileRef = FAA6F90029B5E9FA00EF339D /* ExampleWidgetViewExtension.appex */; settings = {ATTRIBUTES = (RemoveHeadersOnCopy, ); }; };
		FAC580FA29AF9F4C00580797 /* m4WidgetApp.swift in Sources */ = {isa = PBXBuildFile; fileRef = FAC580F929AF9F4C00580797 /* m4WidgetApp.swift */; };
		FAC580FC29AF9F4C00580797 /* ContentView.swift in Sources */ = {isa = PBXBuildFile; fileRef = FAC580FB29AF9F4C00580797 /* ContentView.swift */; };
		FAC580FE29AF9F4E00580797 /* Assets.xcassets in Resources */ = {isa = PBXBuildFile; fileRef = FAC580FD29AF9F4E00580797 /* Assets.xcassets */; };
		FAC5810129AF9F4E00580797 /* Preview Assets.xcassets in Resources */ = {isa = PBXBuildFile; fileRef = FAC5810029AF9F4E00580797 /* Preview Assets.xcassets */; };
/* End PBXBuildFile section */

/* Begin PBXContainerItemProxy section */
		FAA6F90F29B5E9FC00EF339D /* PBXContainerItemProxy */ = {
			isa = PBXContainerItemProxy;
			containerPortal = FAC580EE29AF9F4C00580797 /* Project object */;
			proxyType = 1;
			remoteGlobalIDString = FAA6F8FF29B5E9FA00EF339D;
			remoteInfo = ExampleWidgetViewExtension;
		};
/* End PBXContainerItemProxy section */

/* Begin PBXCopyFilesBuildPhase section */
		FAA6F91529B5E9FC00EF339D /* Embed Foundation Extensions */ = {
			isa = PBXCopyFilesBuildPhase;
			buildActionMask = 2147483647;
			dstPath = "";
			dstSubfolderSpec = 13;
			files = (
				FAA6F91129B5E9FC00EF339D /* ExampleWidgetViewExtension.appex in Embed Foundation Extensions */,
			);
			name = "Embed Foundation Extensions";
			runOnlyForDeploymentPostprocessing = 0;
		};
/* End PBXCopyFilesBuildPhase section */

/* Begin PBXFileReference section */
		FAA6F8FA29B5E92D00EF339D /* UserModel.swift */ = {isa = PBXFileReference; lastKnownFileType = sourcecode.swift; path = UserModel.swift; sourceTree = "<group>"; };
		FAA6F90029B5E9FA00EF339D /* ExampleWidgetViewExtension.appex */ = {isa = PBXFileReference; explicitFileType = "wrapper.app-extension"; includeInIndex = 0; path = ExampleWidgetViewExtension.appex; sourceTree = BUILT_PRODUCTS_DIR; };
		FAA6F90229B5E9FA00EF339D /* WidgetKit.framework */ = {isa = PBXFileReference; lastKnownFileType = wrapper.framework; name = WidgetKit.framework; path = System/Library/Frameworks/WidgetKit.framework; sourceTree = SDKROOT; };
		FAA6F90429B5E9FA00EF339D /* SwiftUI.framework */ = {isa = PBXFileReference; lastKnownFileType = wrapper.framework; name = SwiftUI.framework; path = System/Library/Frameworks/SwiftUI.framework; sourceTree = SDKROOT; };
		FAA6F90729B5E9FA00EF339D /* ExampleWidgetView.swift */ = {isa = PBXFileReference; lastKnownFileType = sourcecode.swift; path = ExampleWidgetView.swift; sourceTree = "<group>"; };
		FAA6F90929B5E9FA00EF339D /* ExampleWidgetView.intentdefinition */ = {isa = PBXFileReference; lastKnownFileType = file.intentdefinition; path = ExampleWidgetView.intentdefinition; sourceTree = "<group>"; };
		FAA6F90A29B5E9FC00EF339D /* Assets.xcassets */ = {isa = PBXFileReference; lastKnownFileType = folder.assetcatalog; path = Assets.xcassets; sourceTree = "<group>"; };
		FAA6F90C29B5E9FC00EF339D /* Info.plist */ = {isa = PBXFileReference; lastKnownFileType = text.plist.xml; path = Info.plist; sourceTree = "<group>"; };
		FAA6F91629B5EA6000EF339D /* m4Widget.entitlements */ = {isa = PBXFileReference; lastKnownFileType = text.plist.entitlements; path = m4Widget.entitlements; sourceTree = "<group>"; };
		FAA6F91729B5EA6A00EF339D /* ExampleWidgetViewExtension.entitlements */ = {isa = PBXFileReference; lastKnownFileType = text.plist.entitlements; path = ExampleWidgetViewExtension.entitlements; sourceTree = "<group>"; };
		FAC580F629AF9F4C00580797 /* m4Widget.app */ = {isa = PBXFileReference; explicitFileType = wrapper.application; includeInIndex = 0; path = m4Widget.app; sourceTree = BUILT_PRODUCTS_DIR; };
		FAC580F929AF9F4C00580797 /* m4WidgetApp.swift */ = {isa = PBXFileReference; lastKnownFileType = sourcecode.swift; path = m4WidgetApp.swift; sourceTree = "<group>"; };
		FAC580FB29AF9F4C00580797 /* ContentView.swift */ = {isa = PBXFileReference; lastKnownFileType = sourcecode.swift; path = ContentView.swift; sourceTree = "<group>"; };
		FAC580FD29AF9F4E00580797 /* Assets.xcassets */ = {isa = PBXFileReference; lastKnownFileType = folder.assetcatalog; path = Assets.xcassets; sourceTree = "<group>"; };
		FAC5810029AF9F4E00580797 /* Preview Assets.xcassets */ = {isa = PBXFileReference; lastKnownFileType = folder.assetcatalog; path = "Preview Assets.xcassets"; sourceTree = "<group>"; };
/* End PBXFileReference section */

/* Begin PBXFrameworksBuildPhase section */
		FAA6F8FD29B5E9FA00EF339D /* Frameworks */ = {
			isa = PBXFrameworksBuildPhase;
			buildActionMask = 2147483647;
			files = (
				FAA6F90529B5E9FA00EF339D /* SwiftUI.framework in Frameworks */,
				FAA6F90329B5E9FA00EF339D /* WidgetKit.framework in Frameworks */,
			);
			runOnlyForDeploymentPostprocessing = 0;
		};
		FAC580F329AF9F4C00580797 /* Frameworks */ = {
			isa = PBXFrameworksBuildPhase;
			buildActionMask = 2147483647;
			files = (
			);
			runOnlyForDeploymentPostprocessing = 0;
		};
/* End PBXFrameworksBuildPhase section */

/* Begin PBXGroup section */
		FAA6F90129B5E9FA00EF339D /* Frameworks */ = {
			isa = PBXGroup;
			children = (
				FAA6F90229B5E9FA00EF339D /* WidgetKit.framework */,
				FAA6F90429B5E9FA00EF339D /* SwiftUI.framework */,
			);
			name = Frameworks;
			sourceTree = "<group>";
		};
		FAA6F90629B5E9FA00EF339D /* ExampleWidgetView */ = {
			isa = PBXGroup;
			children = (
				FAA6F90729B5E9FA00EF339D /* ExampleWidgetView.swift */,
				FAA6F90929B5E9FA00EF339D /* ExampleWidgetView.intentdefinition */,
				FAA6F90A29B5E9FC00EF339D /* Assets.xcassets */,
				FAA6F90C29B5E9FC00EF339D /* Info.plist */,
			);
			path = ExampleWidgetView;
			sourceTree = "<group>";
		};
		FAC580ED29AF9F4C00580797 = {
			isa = PBXGroup;
			children = (
				FAA6F91729B5EA6A00EF339D /* ExampleWidgetViewExtension.entitlements */,
				FAC580F829AF9F4C00580797 /* m4Widget */,
				FAA6F90629B5E9FA00EF339D /* ExampleWidgetView */,
				FAA6F90129B5E9FA00EF339D /* Frameworks */,
				FAC580F729AF9F4C00580797 /* Products */,
			);
			sourceTree = "<group>";
		};
		FAC580F729AF9F4C00580797 /* Products */ = {
			isa = PBXGroup;
			children = (
				FAC580F629AF9F4C00580797 /* m4Widget.app */,
				FAA6F90029B5E9FA00EF339D /* ExampleWidgetViewExtension.appex */,
			);
			name = Products;
			sourceTree = "<group>";
		};
		FAC580F829AF9F4C00580797 /* m4Widget */ = {
			isa = PBXGroup;
			children = (
				FAA6F91629B5EA6000EF339D /* m4Widget.entitlements */,
				FAC580F929AF9F4C00580797 /* m4WidgetApp.swift */,
				FAC580FB29AF9F4C00580797 /* ContentView.swift */,
				FAA6F8FA29B5E92D00EF339D /* UserModel.swift */,
				FAC580FD29AF9F4E00580797 /* Assets.xcassets */,
				FAC580FF29AF9F4E00580797 /* Preview Content */,
			);
			path = m4Widget;
			sourceTree = "<group>";
		};
		FAC580FF29AF9F4E00580797 /* Preview Content */ = {
			isa = PBXGroup;
			children = (
				FAC5810029AF9F4E00580797 /* Preview Assets.xcassets */,
			);
			path = "Preview Content";
			sourceTree = "<group>";
		};
/* End PBXGroup section */

/* Begin PBXNativeTarget section */
		FAA6F8FF29B5E9FA00EF339D /* ExampleWidgetViewExtension */ = {
			isa = PBXNativeTarget;
			buildConfigurationList = FAA6F91229B5E9FC00EF339D /* Build configuration list for PBXNativeTarget "ExampleWidgetViewExtension" */;
			buildPhases = (
				FAA6F8FC29B5E9FA00EF339D /* Sources */,
				FAA6F8FD29B5E9FA00EF339D /* Frameworks */,
				FAA6F8FE29B5E9FA00EF339D /* Resources */,
			);
			buildRules = (
			);
			dependencies = (
			);
			name = ExampleWidgetViewExtension;
			productName = ExampleWidgetViewExtension;
			productReference = FAA6F90029B5E9FA00EF339D /* ExampleWidgetViewExtension.appex */;
			productType = "com.apple.product-type.app-extension";
		};
		FAC580F529AF9F4C00580797 /* m4Widget */ = {
			isa = PBXNativeTarget;
			buildConfigurationList = FAC5810429AF9F4E00580797 /* Build configuration list for PBXNativeTarget "m4Widget" */;
			buildPhases = (
				FAC580F229AF9F4C00580797 /* Sources */,
				FAC580F329AF9F4C00580797 /* Frameworks */,
				FAC580F429AF9F4C00580797 /* Resources */,
				FAA6F91529B5E9FC00EF339D /* Embed Foundation Extensions */,
			);
			buildRules = (
			);
			dependencies = (
				FAA6F91029B5E9FC00EF339D /* PBXTargetDependency */,
			);
			name = m4Widget;
			productName = m4Widget;
			productReference = FAC580F629AF9F4C00580797 /* m4Widget.app */;
			productType = "com.apple.product-type.application";
		};
/* End PBXNativeTarget section */

/* Begin PBXProject section */
		FAC580EE29AF9F4C00580797 /* Project object */ = {
			isa = PBXProject;
			attributes = {
				BuildIndependentTargetsInParallel = 1;
				LastSwiftUpdateCheck = 1400;
				LastUpgradeCheck = 1400;
				TargetAttributes = {
					FAA6F8FF29B5E9FA00EF339D = {
						CreatedOnToolsVersion = 14.0.1;
					};
					FAC580F529AF9F4C00580797 = {
						CreatedOnToolsVersion = 14.0.1;
					};
				};
			};
			buildConfigurationList = FAC580F129AF9F4C00580797 /* Build configuration list for PBXProject "m4Widget" */;
			compatibilityVersion = "Xcode 14.0";
			developmentRegion = en;
			hasScannedForEncodings = 0;
			knownRegions = (
				en,
				Base,
			);
			mainGroup = FAC580ED29AF9F4C00580797;
			productRefGroup = FAC580F729AF9F4C00580797 /* Products */;
			projectDirPath = "";
			projectRoot = "";
			targets = (
				FAC580F529AF9F4C00580797 /* m4Widget */,
				FAA6F8FF29B5E9FA00EF339D /* ExampleWidgetViewExtension */,
			);
		};
/* End PBXProject section */

/* Begin PBXResourcesBuildPhase section */
		FAA6F8FE29B5E9FA00EF339D /* Resources */ = {
			isa = PBXResourcesBuildPhase;
			buildActionMask = 2147483647;
			files = (
				FAA6F90B29B5E9FC00EF339D /* Assets.xcassets in Resources */,
			);
			runOnlyForDeploymentPostprocessing = 0;
		};
		FAC580F429AF9F4C00580797 /* Resources */ = {
			isa = PBXResourcesBuildPhase;
			buildActionMask = 2147483647;
			files = (
				FAC5810129AF9F4E00580797 /* Preview Assets.xcassets in Resources */,
				FAC580FE29AF9F4E00580797 /* Assets.xcassets in Resources */,
			);
			runOnlyForDeploymentPostprocessing = 0;
		};
/* End PBXResourcesBuildPhase section */

/* Begin PBXSourcesBuildPhase section */
		FAA6F8FC29B5E9FA00EF339D /* Sources */ = {
			isa = PBXSourcesBuildPhase;
			buildActionMask = 2147483647;
			files = (
				FAA6F90D29B5E9FC00EF339D /* ExampleWidgetView.intentdefinition in Sources */,
				FAA6F90829B5E9FA00EF339D /* ExampleWidgetView.swift in Sources */,
			);
			runOnlyForDeploymentPostprocessing = 0;
		};
		FAC580F229AF9F4C00580797 /* Sources */ = {
			isa = PBXSourcesBuildPhase;
			buildActionMask = 2147483647;
			files = (
				FAC580FC29AF9F4C00580797 /* ContentView.swift in Sources */,
				FAA6F8FB29B5E92D00EF339D /* UserModel.swift in Sources */,
				FAA6F90E29B5E9FC00EF339D /* ExampleWidgetView.intentdefinition in Sources */,
				FAC580FA29AF9F4C00580797 /* m4WidgetApp.swift in Sources */,
			);
			runOnlyForDeploymentPostprocessing = 0;
		};
/* End PBXSourcesBuildPhase section */

/* Begin PBXTargetDependency section */
		FAA6F91029B5E9FC00EF339D /* PBXTargetDependency */ = {
			isa = PBXTargetDependency;
			target = FAA6F8FF29B5E9FA00EF339D /* ExampleWidgetViewExtension */;
			targetProxy = FAA6F90F29B5E9FC00EF339D /* PBXContainerItemProxy */;
		};
/* End PBXTargetDependency section */

/* Begin XCBuildConfiguration section */
		FAA6F91329B5E9FC00EF339D /* Debug */ = {
			isa = XCBuildConfiguration;
			buildSettings = {
				ASSETCATALOG_COMPILER_GLOBAL_ACCENT_COLOR_NAME = AccentColor;
				ASSETCATALOG_COMPILER_WIDGET_BACKGROUND_COLOR_NAME = WidgetBackground;
				CODE_SIGN_ENTITLEMENTS = ExampleWidgetViewExtension.entitlements;
				CODE_SIGN_STYLE = Automatic;
				CURRENT_PROJECT_VERSION = 1;
				DEVELOPMENT_TEAM = 5C9S7JT7L3;
				GENERATE_INFOPLIST_FILE = YES;
				INFOPLIST_FILE = ExampleWidgetView/Info.plist;
				INFOPLIST_KEY_CFBundleDisplayName = ExampleWidgetView;
				INFOPLIST_KEY_NSHumanReadableCopyright = "";
				LD_RUNPATH_SEARCH_PATHS = (
					"$(inherited)",
					"@executable_path/Frameworks",
					"@executable_path/../../Frameworks",
				);
				MARKETING_VERSION = 1.0;
				PRODUCT_BUNDLE_IDENTIFIER = i0240.m4Widget.ExampleWidgetView;
				PRODUCT_NAME = "$(TARGET_NAME)";
				SKIP_INSTALL = YES;
				SWIFT_EMIT_LOC_STRINGS = YES;
				SWIFT_VERSION = 5.0;
				TARGETED_DEVICE_FAMILY = "1,2";
			};
			name = Debug;
		};
		FAA6F91429B5E9FC00EF339D /* Release */ = {
			isa = XCBuildConfiguration;
			buildSettings = {
				ASSETCATALOG_COMPILER_GLOBAL_ACCENT_COLOR_NAME = AccentColor;
				ASSETCATALOG_COMPILER_WIDGET_BACKGROUND_COLOR_NAME = WidgetBackground;
				CODE_SIGN_ENTITLEMENTS = ExampleWidgetViewExtension.entitlements;
				CODE_SIGN_STYLE = Automatic;
				CURRENT_PROJECT_VERSION = 1;
				DEVELOPMENT_TEAM = 5C9S7JT7L3;
				GENERATE_INFOPLIST_FILE = YES;
				INFOPLIST_FILE = ExampleWidgetView/Info.plist;
				INFOPLIST_KEY_CFBundleDisplayName = ExampleWidgetView;
				INFOPLIST_KEY_NSHumanReadableCopyright = "";
				LD_RUNPATH_SEARCH_PATHS = (
					"$(inherited)",
					"@executable_path/Frameworks",
					"@executable_path/../../Frameworks",
				);
				MARKETING_VERSION = 1.0;
				PRODUCT_BUNDLE_IDENTIFIER = i0240.m4Widget.ExampleWidgetView;
				PRODUCT_NAME = "$(TARGET_NAME)";
				SKIP_INSTALL = YES;
				SWIFT_EMIT_LOC_STRINGS = YES;
				SWIFT_VERSION = 5.0;
				TARGETED_DEVICE_FAMILY = "1,2";
			};
			name = Release;
		};
		FAC5810229AF9F4E00580797 /* Debug */ = {
			isa = XCBuildConfiguration;
			buildSettings = {
				ALWAYS_SEARCH_USER_PATHS = NO;
				CLANG_ANALYZER_NONNULL = YES;
				CLANG_ANALYZER_NUMBER_OBJECT_CONVERSION = YES_AGGRESSIVE;
				CLANG_CXX_LANGUAGE_STANDARD = "gnu++20";
				CLANG_ENABLE_MODULES = YES;
				CLANG_ENABLE_OBJC_ARC = YES;
				CLANG_ENABLE_OBJC_WEAK = YES;
				CLANG_WARN_BLOCK_CAPTURE_AUTORELEASING = YES;
				CLANG_WARN_BOOL_CONVERSION = YES;
				CLANG_WARN_COMMA = YES;
				CLANG_WARN_CONSTANT_CONVERSION = YES;
				CLANG_WARN_DEPRECATED_OBJC_IMPLEMENTATIONS = YES;
				CLANG_WARN_DIRECT_OBJC_ISA_USAGE = YES_ERROR;
				CLANG_WARN_DOCUMENTATION_COMMENTS = YES;
				CLANG_WARN_EMPTY_BODY = YES;
				CLANG_WARN_ENUM_CONVERSION = YES;
				CLANG_WARN_INFINITE_RECURSION = YES;
				CLANG_WARN_INT_CONVERSION = YES;
				CLANG_WARN_NON_LITERAL_NULL_CONVERSION = YES;
				CLANG_WARN_OBJC_IMPLICIT_RETAIN_SELF = YES;
				CLANG_WARN_OBJC_LITERAL_CONVERSION = YES;
				CLANG_WARN_OBJC_ROOT_CLASS = YES_ERROR;
				CLANG_WARN_QUOTED_INCLUDE_IN_FRAMEWORK_HEADER = YES;
				CLANG_WARN_RANGE_LOOP_ANALYSIS = YES;
				CLANG_WARN_STRICT_PROTOTYPES = YES;
				CLANG_WARN_SUSPICIOUS_MOVE = YES;
				CLANG_WARN_UNGUARDED_AVAILABILITY = YES_AGGRESSIVE;
				CLANG_WARN_UNREACHABLE_CODE = YES;
				CLANG_WARN__DUPLICATE_METHOD_MATCH = YES;
				COPY_PHASE_STRIP = NO;
				DEBUG_INFORMATION_FORMAT = dwarf;
				ENABLE_STRICT_OBJC_MSGSEND = YES;
				ENABLE_TESTABILITY = YES;
				GCC_C_LANGUAGE_STANDARD = gnu11;
				GCC_DYNAMIC_NO_PIC = NO;
				GCC_NO_COMMON_BLOCKS = YES;
				GCC_OPTIMIZATION_LEVEL = 0;
				GCC_PREPROCESSOR_DEFINITIONS = (
					"DEBUG=1",
					"$(inherited)",
				);
				GCC_WARN_64_TO_32_BIT_CONVERSION = YES;
				GCC_WARN_ABOUT_RETURN_TYPE = YES_ERROR;
				GCC_WARN_UNDECLARED_SELECTOR = YES;
				GCC_WARN_UNINITIALIZED_AUTOS = YES_AGGRESSIVE;
				GCC_WARN_UNUSED_FUNCTION = YES;
				GCC_WARN_UNUSED_VARIABLE = YES;
				IPHONEOS_DEPLOYMENT_TARGET = 16.0;
				MTL_ENABLE_DEBUG_INFO = INCLUDE_SOURCE;
				MTL_FAST_MATH = YES;
				ONLY_ACTIVE_ARCH = YES;
				SDKROOT = iphoneos;
				SWIFT_ACTIVE_COMPILATION_CONDITIONS = DEBUG;
				SWIFT_OPTIMIZATION_LEVEL = "-Onone";
			};
			name = Debug;
		};
		FAC5810329AF9F4E00580797 /* Release */ = {
			isa = XCBuildConfiguration;
			buildSettings = {
				ALWAYS_SEARCH_USER_PATHS = NO;
				CLANG_ANALYZER_NONNULL = YES;
				CLANG_ANALYZER_NUMBER_OBJECT_CONVERSION = YES_AGGRESSIVE;
				CLANG_CXX_LANGUAGE_STANDARD = "gnu++20";
				CLANG_ENABLE_MODULES = YES;
				CLANG_ENABLE_OBJC_ARC = YES;
				CLANG_ENABLE_OBJC_WEAK = YES;
				CLANG_WARN_BLOCK_CAPTURE_AUTORELEASING = YES;
				CLANG_WARN_BOOL_CONVERSION = YES;
				CLANG_WARN_COMMA = YES;
				CLANG_WARN_CONSTANT_CONVERSION = YES;
				CLANG_WARN_DEPRECATED_OBJC_IMPLEMENTATIONS = YES;
				CLANG_WARN_DIRECT_OBJC_ISA_USAGE = YES_ERROR;
				CLANG_WARN_DOCUMENTATION_COMMENTS = YES;
				CLANG_WARN_EMPTY_BODY = YES;
				CLANG_WARN_ENUM_CONVERSION = YES;
				CLANG_WARN_INFINITE_RECURSION = YES;
				CLANG_WARN_INT_CONVERSION = YES;
				CLANG_WARN_NON_LITERAL_NULL_CONVERSION = YES;
				CLANG_WARN_OBJC_IMPLICIT_RETAIN_SELF = YES;
				CLANG_WARN_OBJC_LITERAL_CONVERSION = YES;
				CLANG_WARN_OBJC_ROOT_CLASS = YES_ERROR;
				CLANG_WARN_QUOTED_INCLUDE_IN_FRAMEWORK_HEADER = YES;
				CLANG_WARN_RANGE_LOOP_ANALYSIS = YES;
				CLANG_WARN_STRICT_PROTOTYPES = YES;
				CLANG_WARN_SUSPICIOUS_MOVE = YES;
				CLANG_WARN_UNGUARDED_AVAILABILITY = YES_AGGRESSIVE;
				CLANG_WARN_UNREACHABLE_CODE = YES;
				CLANG_WARN__DUPLICATE_METHOD_MATCH = YES;
				COPY_PHASE_STRIP = NO;
				DEBUG_INFORMATION_FORMAT = "dwarf-with-dsym";
				ENABLE_NS_ASSERTIONS = NO;
				ENABLE_STRICT_OBJC_MSGSEND = YES;
				GCC_C_LANGUAGE_STANDARD = gnu11;
				GCC_NO_COMMON_BLOCKS = YES;
				GCC_WARN_64_TO_32_BIT_CONVERSION = YES;
				GCC_WARN_ABOUT_RETURN_TYPE = YES_ERROR;
				GCC_WARN_UNDECLARED_SELECTOR = YES;
				GCC_WARN_UNINITIALIZED_AUTOS = YES_AGGRESSIVE;
				GCC_WARN_UNUSED_FUNCTION = YES;
				GCC_WARN_UNUSED_VARIABLE = YES;
				IPHONEOS_DEPLOYMENT_TARGET = 16.0;
				MTL_ENABLE_DEBUG_INFO = NO;
				MTL_FAST_MATH = YES;
				SDKROOT = iphoneos;
				SWIFT_COMPILATION_MODE = wholemodule;
				SWIFT_OPTIMIZATION_LEVEL = "-O";
				VALIDATE_PRODUCT = YES;
			};
			name = Release;
		};
		FAC5810529AF9F4E00580797 /* Debug */ = {
			isa = XCBuildConfiguration;
			buildSettings = {
				ALWAYS_EMBED_SWIFT_STANDARD_LIBRARIES = YES;
				ASSETCATALOG_COMPILER_APPICON_NAME = AppIcon;
				ASSETCATALOG_COMPILER_GLOBAL_ACCENT_COLOR_NAME = AccentColor;
				CODE_SIGN_ENTITLEMENTS = m4Widget/m4Widget.entitlements;
				CODE_SIGN_STYLE = Automatic;
				CURRENT_PROJECT_VERSION = 1;
				DEVELOPMENT_ASSET_PATHS = "\"m4Widget/Preview Content\"";
				DEVELOPMENT_TEAM = 5C9S7JT7L3;
				ENABLE_PREVIEWS = YES;
				GENERATE_INFOPLIST_FILE = YES;
				INFOPLIST_KEY_UIApplicationSceneManifest_Generation = YES;
				INFOPLIST_KEY_UIApplicationSupportsIndirectInputEvents = YES;
				INFOPLIST_KEY_UILaunchScreen_Generation = YES;
				INFOPLIST_KEY_UISupportedInterfaceOrientations_iPad = "UIInterfaceOrientationPortrait UIInterfaceOrientationPortraitUpsideDown UIInterfaceOrientationLandscapeLeft UIInterfaceOrientationLandscapeRight";
				INFOPLIST_KEY_UISupportedInterfaceOrientations_iPhone = "UIInterfaceOrientationPortrait UIInterfaceOrientationLandscapeLeft UIInterfaceOrientationLandscapeRight";
				LD_RUNPATH_SEARCH_PATHS = (
					"$(inherited)",
					"@executable_path/Frameworks",
				);
				MARKETING_VERSION = 1.0;
				PRODUCT_BUNDLE_IDENTIFIER = i0240.m4Widget;
				PRODUCT_NAME = "$(TARGET_NAME)";
				SWIFT_EMIT_LOC_STRINGS = YES;
				SWIFT_VERSION = 5.0;
				TARGETED_DEVICE_FAMILY = "1,2";
			};
			name = Debug;
		};
		FAC5810629AF9F4E00580797 /* Release */ = {
			isa = XCBuildConfiguration;
			buildSettings = {
				ALWAYS_EMBED_SWIFT_STANDARD_LIBRARIES = YES;
				ASSETCATALOG_COMPILER_APPICON_NAME = AppIcon;
				ASSETCATALOG_COMPILER_GLOBAL_ACCENT_COLOR_NAME = AccentColor;
				CODE_SIGN_ENTITLEMENTS = m4Widget/m4Widget.entitlements;
				CODE_SIGN_STYLE = Automatic;
				CURRENT_PROJECT_VERSION = 1;
				DEVELOPMENT_ASSET_PATHS = "\"m4Widget/Preview Content\"";
				DEVELOPMENT_TEAM = 5C9S7JT7L3;
				ENABLE_PREVIEWS = YES;
				GENERATE_INFOPLIST_FILE = YES;
				INFOPLIST_KEY_UIApplicationSceneManifest_Generation = YES;
				INFOPLIST_KEY_UIApplicationSupportsIndirectInputEvents = YES;
				INFOPLIST_KEY_UILaunchScreen_Generation = YES;
				INFOPLIST_KEY_UISupportedInterfaceOrientations_iPad = "UIInterfaceOrientationPortrait UIInterfaceOrientationPortraitUpsideDown UIInterfaceOrientationLandscapeLeft UIInterfaceOrientationLandscapeRight";
				INFOPLIST_KEY_UISupportedInterfaceOrientations_iPhone = "UIInterfaceOrientationPortrait UIInterfaceOrientationLandscapeLeft UIInterfaceOrientationLandscapeRight";
				LD_RUNPATH_SEARCH_PATHS = (
					"$(inherited)",
					"@executable_path/Frameworks",
				);
				MARKETING_VERSION = 1.0;
				PRODUCT_BUNDLE_IDENTIFIER = i0240.m4Widget;
				PRODUCT_NAME = "$(TARGET_NAME)";
				SWIFT_EMIT_LOC_STRINGS = YES;
				SWIFT_VERSION = 5.0;
				TARGETED_DEVICE_FAMILY = "1,2";
			};
			name = Release;
		};
/* End XCBuildConfiguration section */

/* Begin XCConfigurationList section */
		FAA6F91229B5E9FC00EF339D /* Build configuration list for PBXNativeTarget "ExampleWidgetViewExtension" */ = {
			isa = XCConfigurationList;
			buildConfigurations = (
				FAA6F91329B5E9FC00EF339D /* Debug */,
				FAA6F91429B5E9FC00EF339D /* Release */,
			);
			defaultConfigurationIsVisible = 0;
			defaultConfigurationName = Release;
		};
		FAC580F129AF9F4C00580797 /* Build configuration list for PBXProject "m4Widget" */ = {
			isa = XCConfigurationList;
			buildConfigurations = (
				FAC5810229AF9F4E00580797 /* Debug */,
				FAC5810329AF9F4E00580797 /* Release */,
			);
			defaultConfigurationIsVisible = 0;
			defaultConfigurationName = Release;
		};
		FAC5810429AF9F4E00580797 /* Build configuration list for PBXNativeTarget "m4Widget" */ = {
			isa = XCConfigurationList;
			buildConfigurations = (
				FAC5810529AF9F4E00580797 /* Debug */,
				FAC5810629AF9F4E00580797 /* Release */,
			);
			defaultConfigurationIsVisible = 0;
			defaultConfigurationName = Release;
		};
/* End XCConfigurationList section */
	};
	rootObject = FAC580EE29AF9F4C00580797 /* Project object */;
}
